
Microsoft Visual Studio Solution File, Format Version 12.00
# Visual Studio Version 17
VisualStudioVersion = 17.8.34525.116
MinimumVisualStudioVersion = 10.0.40219.1
Project("{8BC9CEB8-8B4A-11D0-8D11-00A0C91BC942}") = "DynamicLib", "DynamicLib\DynamicLib.vcxproj", "{FC6BA6C1-12BD-478B-9592-4302EEA9119A}"
EndProject
Project("{8BC9CEB8-8B4A-11D0-8D11-00A0C91BC942}") = "Test", "Test\Test.vcxproj", "{C8037FA4-0740-4BA3-8973-5EF1A8964691}"
EndProject
Global
	GlobalSection(SolutionConfigurationPlatforms) = preSolution
		Debug|x64 = Debug|x64
		Debug|x86 = Debug|x86
		Release|x64 = Release|x64
		Release|x86 = Release|x86
	EndGlobalSection
	GlobalSection(ProjectConfigurationPlatforms) = postSolution
		{FC6BA6C1-12BD-478B-9592-4302EEA9119A}.Debug|x64.ActiveCfg = Debug|x64
		{FC6BA6C1-12BD-478B-9592-4302EEA9119A}.Debug|x64.Build.0 = Debug|x64
		{FC6BA6C1-12BD-478B-9592-4302EEA9119A}.Debug|x86.ActiveCfg = Debug|Win32
		{FC6BA6C1-12BD-478B-9592-4302EEA9119A}.Debug|x86.Build.0 = Debug|Win32
		{FC6BA6C1-12BD-478B-9592-4302EEA9119A}.Release|x64.ActiveCfg = Release|x64
		{FC6BA6C1-12BD-478B-9592-4302EEA9119A}.Release|x64.Build.0 = Release|x64
		{FC6BA6C1-12BD-478B-9592-4302EEA9119A}.Release|x86.ActiveCfg = Release|Win32
		{FC6BA6C1-12BD-478B-9592-4302EEA9119A}.Release|x86.Build.0 = Release|Win32
		{C8037FA4-0740-4BA3-8973-5EF1A8964691}.Debug|x64.ActiveCfg = Debug|x64
		{C8037FA4-0740-4BA3-8973-5EF1A8964691}.Debug|x64.Build.0 = Debug|x64
		{C8037FA4-0740-4BA3-8973-5EF1A8964691}.Debug|x86.ActiveCfg = Debug|Win32
		{C8037FA4-0740-4BA3-8973-5EF1A8964691}.Debug|x86.Build.0 = Debug|Win32
		{C8037FA4-0740-4BA3-8973-5EF1A8964691}.Release|x64.ActiveCfg = Release|x64
		{C8037FA4-0740-4BA3-8973-5EF1A8964691}.Release|x64.Build.0 = Release|x64
		{C8037FA4-0740-4BA3-8973-5EF1A8964691}.Release|x86.ActiveCfg = Release|Win32
		{C8037FA4-0740-4BA3-8973-5EF1A8964691}.Release|x86.Build.0 = Release|Win32
	EndGlobalSection
	GlobalSection(SolutionProperties) = preSolution
		HideSolutionNode = FALSE
	EndGlobalSection
	GlobalSection(ExtensibilityGlobals) = postSolution
		SolutionGuid = {C26F178C-0CD6-433F-B5C9-7DC5C69278FF}
	EndGlobalSection
EndGlobal
